// !$*UTF8*$!
{
	archiveVersion = 1;
	classes = {
	};
	objectVersion = 56;
	objects = {

/* Begin PBXBuildFile section */
		AB80F26E285E65D00009FE5F /* WeatherManager.swift in Sources */ = {isa = PBXBuildFile; fileRef = AB80F26D285E65D00009FE5F /* WeatherManager.swift */; };
		AB80F270285E6C3E0009FE5F /* WeatherView.swift in Sources */ = {isa = PBXBuildFile; fileRef = AB80F26F285E6C3E0009FE5F /* WeatherView.swift */; };
		AB80F272285E6CEA0009FE5F /* ModelData.swift in Sources */ = {isa = PBXBuildFile; fileRef = AB80F271285E6CEA0009FE5F /* ModelData.swift */; };
		AB80F274285E6D340009FE5F /* weatherData.json in Resources */ = {isa = PBXBuildFile; fileRef = AB80F273285E6D340009FE5F /* weatherData.json */; };
		AB80F276285E6E920009FE5F /* Extensions.swift in Sources */ = {isa = PBXBuildFile; fileRef = AB80F275285E6E920009FE5F /* Extensions.swift */; };
		ABC0696F285A7A2600630FC9 /* WeatherApp.swift in Sources */ = {isa = PBXBuildFile; fileRef = ABC0696E285A7A2600630FC9 /* WeatherApp.swift */; };
		ABC06971285A7A2600630FC9 /* ContentView.swift in Sources */ = {isa = PBXBuildFile; fileRef = ABC06970285A7A2600630FC9 /* ContentView.swift */; };
		ABC06973285A7A2A00630FC9 /* Assets.xcassets in Resources */ = {isa = PBXBuildFile; fileRef = ABC06972285A7A2A00630FC9 /* Assets.xcassets */; };
		ABC06976285A7A2A00630FC9 /* Preview Assets.xcassets in Resources */ = {isa = PBXBuildFile; fileRef = ABC06975285A7A2A00630FC9 /* Preview Assets.xcassets */; };
		ABC06980285A7A2A00630FC9 /* WeatherTests.swift in Sources */ = {isa = PBXBuildFile; fileRef = ABC0697F285A7A2A00630FC9 /* WeatherTests.swift */; };
		ABC0698A285A7A2B00630FC9 /* WeatherUITests.swift in Sources */ = {isa = PBXBuildFile; fileRef = ABC06989285A7A2B00630FC9 /* WeatherUITests.swift */; };
		ABC0698C285A7A2B00630FC9 /* WeatherUITestsLaunchTests.swift in Sources */ = {isa = PBXBuildFile; fileRef = ABC0698B285A7A2B00630FC9 /* WeatherUITestsLaunchTests.swift */; };
		ABC0699B285A7B3000630FC9 /* LocationManager.swift in Sources */ = {isa = PBXBuildFile; fileRef = ABC0699A285A7B3000630FC9 /* LocationManager.swift */; };
		ABC0699D285A7B7C00630FC9 /* WelcomeView.swift in Sources */ = {isa = PBXBuildFile; fileRef = ABC0699C285A7B7C00630FC9 /* WelcomeView.swift */; };
		ABC0699F285A7B9700630FC9 /* LoadingView.swift in Sources */ = {isa = PBXBuildFile; fileRef = ABC0699E285A7B9700630FC9 /* LoadingView.swift */; };
/* End PBXBuildFile section */

/* Begin PBXContainerItemProxy section */
		ABC0697C285A7A2A00630FC9 /* PBXContainerItemProxy */ = {
			isa = PBXContainerItemProxy;
			containerPortal = ABC06963285A7A2600630FC9 /* Project object */;
			proxyType = 1;
			remoteGlobalIDString = ABC0696A285A7A2600630FC9;
			remoteInfo = Weather;
		};
		ABC06986285A7A2B00630FC9 /* PBXContainerItemProxy */ = {
			isa = PBXContainerItemProxy;
			containerPortal = ABC06963285A7A2600630FC9 /* Project object */;
			proxyType = 1;
			remoteGlobalIDString = ABC0696A285A7A2600630FC9;
			remoteInfo = Weather;
		};
/* End PBXContainerItemProxy section */

/* Begin PBXFileReference section */
		AB80F26D285E65D00009FE5F /* WeatherManager.swift */ = {isa = PBXFileReference; lastKnownFileType = sourcecode.swift; path = WeatherManager.swift; sourceTree = "<group>"; };
		AB80F26F285E6C3E0009FE5F /* WeatherView.swift */ = {isa = PBXFileReference; lastKnownFileType = sourcecode.swift; path = WeatherView.swift; sourceTree = "<group>"; };
		AB80F271285E6CEA0009FE5F /* ModelData.swift */ = {isa = PBXFileReference; lastKnownFileType = sourcecode.swift; path = ModelData.swift; sourceTree = "<group>"; };
		AB80F273285E6D340009FE5F /* weatherData.json */ = {isa = PBXFileReference; lastKnownFileType = text.json; path = weatherData.json; sourceTree = "<group>"; };
		AB80F275285E6E920009FE5F /* Extensions.swift */ = {isa = PBXFileReference; lastKnownFileType = sourcecode.swift; path = Extensions.swift; sourceTree = "<group>"; };
		ABC0696B285A7A2600630FC9 /* Weather.app */ = {isa = PBXFileReference; explicitFileType = wrapper.application; includeInIndex = 0; path = Weather.app; sourceTree = BUILT_PRODUCTS_DIR; };
		ABC0696E285A7A2600630FC9 /* WeatherApp.swift */ = {isa = PBXFileReference; lastKnownFileType = sourcecode.swift; path = WeatherApp.swift; sourceTree = "<group>"; };
		ABC06970285A7A2600630FC9 /* ContentView.swift */ = {isa = PBXFileReference; lastKnownFileType = sourcecode.swift; path = ContentView.swift; sourceTree = "<group>"; };
		ABC06972285A7A2A00630FC9 /* Assets.xcassets */ = {isa = PBXFileReference; lastKnownFileType = folder.assetcatalog; path = Assets.xcassets; sourceTree = "<group>"; };
		ABC06975285A7A2A00630FC9 /* Preview Assets.xcassets */ = {isa = PBXFileReference; lastKnownFileType = folder.assetcatalog; path = "Preview Assets.xcassets"; sourceTree = "<group>"; };
		ABC0697B285A7A2A00630FC9 /* WeatherTests.xctest */ = {isa = PBXFileReference; explicitFileType = wrapper.cfbundle; includeInIndex = 0; path = WeatherTests.xctest; sourceTree = BUILT_PRODUCTS_DIR; };
		ABC0697F285A7A2A00630FC9 /* WeatherTests.swift */ = {isa = PBXFileReference; lastKnownFileType = sourcecode.swift; path = WeatherTests.swift; sourceTree = "<group>"; };
		ABC06985285A7A2B00630FC9 /* WeatherUITests.xctest */ = {isa = PBXFileReference; explicitFileType = wrapper.cfbundle; includeInIndex = 0; path = WeatherUITests.xctest; sourceTree = BUILT_PRODUCTS_DIR; };
		ABC06989285A7A2B00630FC9 /* WeatherUITests.swift */ = {isa = PBXFileReference; lastKnownFileType = sourcecode.swift; path = WeatherUITests.swift; sourceTree = "<group>"; };
		ABC0698B285A7A2B00630FC9 /* WeatherUITestsLaunchTests.swift */ = {isa = PBXFileReference; lastKnownFileType = sourcecode.swift; path = WeatherUITestsLaunchTests.swift; sourceTree = "<group>"; };
		ABC0699A285A7B3000630FC9 /* LocationManager.swift */ = {isa = PBXFileReference; lastKnownFileType = sourcecode.swift; path = LocationManager.swift; sourceTree = "<group>"; };
		ABC0699C285A7B7C00630FC9 /* WelcomeView.swift */ = {isa = PBXFileReference; lastKnownFileType = sourcecode.swift; path = WelcomeView.swift; sourceTree = "<group>"; };
		ABC0699E285A7B9700630FC9 /* LoadingView.swift */ = {isa = PBXFileReference; lastKnownFileType = sourcecode.swift; path = LoadingView.swift; sourceTree = "<group>"; };
/* End PBXFileReference section */

/* Begin PBXFrameworksBuildPhase section */
		ABC06968285A7A2600630FC9 /* Frameworks */ = {
			isa = PBXFrameworksBuildPhase;
			buildActionMask = 2147483647;
			files = (
			);
			runOnlyForDeploymentPostprocessing = 0;
		};
		ABC06978285A7A2A00630FC9 /* Frameworks */ = {
			isa = PBXFrameworksBuildPhase;
			buildActionMask = 2147483647;
			files = (
			);
			runOnlyForDeploymentPostprocessing = 0;
		};
		ABC06982285A7A2B00630FC9 /* Frameworks */ = {
			isa = PBXFrameworksBuildPhase;
			buildActionMask = 2147483647;
			files = (
			);
			runOnlyForDeploymentPostprocessing = 0;
		};
/* End PBXFrameworksBuildPhase section */

/* Begin PBXGroup section */
		ABC06962285A7A2600630FC9 = {
			isa = PBXGroup;
			children = (
				ABC0696D285A7A2600630FC9 /* Weather */,
				ABC0697E285A7A2A00630FC9 /* WeatherTests */,
				ABC06988285A7A2B00630FC9 /* WeatherUITests */,
				ABC0696C285A7A2600630FC9 /* Products */,
			);
			sourceTree = "<group>";
		};
		ABC0696C285A7A2600630FC9 /* Products */ = {
			isa = PBXGroup;
			children = (
				ABC0696B285A7A2600630FC9 /* Weather.app */,
				ABC0697B285A7A2A00630FC9 /* WeatherTests.xctest */,
				ABC06985285A7A2B00630FC9 /* WeatherUITests.xctest */,
			);
			name = Products;
			sourceTree = "<group>";
		};
		ABC0696D285A7A2600630FC9 /* Weather */ = {
			isa = PBXGroup;
			children = (
				ABC06999285A7AF700630FC9 /* Views */,
				ABC06998285A7A9700630FC9 /* Manager */,
				ABC0696E285A7A2600630FC9 /* WeatherApp.swift */,
				ABC06972285A7A2A00630FC9 /* Assets.xcassets */,
				ABC06974285A7A2A00630FC9 /* Preview Content */,
				AB80F275285E6E920009FE5F /* Extensions.swift */,
			);
			path = Weather;
			sourceTree = "<group>";
		};
		ABC06974285A7A2A00630FC9 /* Preview Content */ = {
			isa = PBXGroup;
			children = (
				ABC06975285A7A2A00630FC9 /* Preview Assets.xcassets */,
				AB80F271285E6CEA0009FE5F /* ModelData.swift */,
				AB80F273285E6D340009FE5F /* weatherData.json */,
			);
			path = "Preview Content";
			sourceTree = "<group>";
		};
		ABC0697E285A7A2A00630FC9 /* WeatherTests */ = {
			isa = PBXGroup;
			children = (
				ABC0697F285A7A2A00630FC9 /* WeatherTests.swift */,
			);
			path = WeatherTests;
			sourceTree = "<group>";
		};
		ABC06988285A7A2B00630FC9 /* WeatherUITests */ = {
			isa = PBXGroup;
			children = (
				ABC06989285A7A2B00630FC9 /* WeatherUITests.swift */,
				ABC0698B285A7A2B00630FC9 /* WeatherUITestsLaunchTests.swift */,
			);
			path = WeatherUITests;
			sourceTree = "<group>";
		};
		ABC06998285A7A9700630FC9 /* Manager */ = {
			isa = PBXGroup;
			children = (
				ABC0699A285A7B3000630FC9 /* LocationManager.swift */,
				AB80F26D285E65D00009FE5F /* WeatherManager.swift */,
			);
			path = Manager;
			sourceTree = "<group>";
		};
		ABC06999285A7AF700630FC9 /* Views */ = {
			isa = PBXGroup;
			children = (
				ABC06970285A7A2600630FC9 /* ContentView.swift */,
				ABC0699C285A7B7C00630FC9 /* WelcomeView.swift */,
				ABC0699E285A7B9700630FC9 /* LoadingView.swift */,
				AB80F26F285E6C3E0009FE5F /* WeatherView.swift */,
			);
			path = Views;
			sourceTree = "<group>";
		};
/* End PBXGroup section */

/* Begin PBXNativeTarget section */
		ABC0696A285A7A2600630FC9 /* Weather */ = {
			isa = PBXNativeTarget;
			buildConfigurationList = ABC0698F285A7A2B00630FC9 /* Build configuration list for PBXNativeTarget "Weather" */;
			buildPhases = (
				ABC06967285A7A2600630FC9 /* Sources */,
				ABC06968285A7A2600630FC9 /* Frameworks */,
				ABC06969285A7A2600630FC9 /* Resources */,
			);
			buildRules = (
			);
			dependencies = (
			);
			name = Weather;
			productName = Weather;
			productReference = ABC0696B285A7A2600630FC9 /* Weather.app */;
			productType = "com.apple.product-type.application";
		};
		ABC0697A285A7A2A00630FC9 /* WeatherTests */ = {
			isa = PBXNativeTarget;
			buildConfigurationList = ABC06992285A7A2B00630FC9 /* Build configuration list for PBXNativeTarget "WeatherTests" */;
			buildPhases = (
				ABC06977285A7A2A00630FC9 /* Sources */,
				ABC06978285A7A2A00630FC9 /* Frameworks */,
				ABC06979285A7A2A00630FC9 /* Resources */,
			);
			buildRules = (
			);
			dependencies = (
				ABC0697D285A7A2A00630FC9 /* PBXTargetDependency */,
			);
			name = WeatherTests;
			productName = WeatherTests;
			productReference = ABC0697B285A7A2A00630FC9 /* WeatherTests.xctest */;
			productType = "com.apple.product-type.bundle.unit-test";
		};
		ABC06984285A7A2B00630FC9 /* WeatherUITests */ = {
			isa = PBXNativeTarget;
			buildConfigurationList = ABC06995285A7A2B00630FC9 /* Build configuration list for PBXNativeTarget "WeatherUITests" */;
			buildPhases = (
				ABC06981285A7A2B00630FC9 /* Sources */,
				ABC06982285A7A2B00630FC9 /* Frameworks */,
				ABC06983285A7A2B00630FC9 /* Resources */,
			);
			buildRules = (
			);
			dependencies = (
				ABC06987285A7A2B00630FC9 /* PBXTargetDependency */,
			);
			name = WeatherUITests;
			productName = WeatherUITests;
			productReference = ABC06985285A7A2B00630FC9 /* WeatherUITests.xctest */;
			productType = "com.apple.product-type.bundle.ui-testing";
		};
/* End PBXNativeTarget section */

/* Begin PBXProject section */
		ABC06963285A7A2600630FC9 /* Project object */ = {
			isa = PBXProject;
			attributes = {
				BuildIndependentTargetsInParallel = 1;
				LastSwiftUpdateCheck = 1400;
				LastUpgradeCheck = 1400;
				TargetAttributes = {
					ABC0696A285A7A2600630FC9 = {
						CreatedOnToolsVersion = 14.0;
					};
					ABC0697A285A7A2A00630FC9 = {
						CreatedOnToolsVersion = 14.0;
						TestTargetID = ABC0696A285A7A2600630FC9;
					};
					ABC06984285A7A2B00630FC9 = {
						CreatedOnToolsVersion = 14.0;
						TestTargetID = ABC0696A285A7A2600630FC9;
					};
				};
			};
			buildConfigurationList = ABC06966285A7A2600630FC9 /* Build configuration list for PBXProject "Weather" */;
			compatibilityVersion = "Xcode 14.0";
			developmentRegion = en;
			hasScannedForEncodings = 0;
			knownRegions = (
				en,
				Base,
			);
			mainGroup = ABC06962285A7A2600630FC9;
			productRefGroup = ABC0696C285A7A2600630FC9 /* Products */;
			projectDirPath = "";
			projectRoot = "";
			targets = (
				ABC0696A285A7A2600630FC9 /* Weather */,
				ABC0697A285A7A2A00630FC9 /* WeatherTests */,
				ABC06984285A7A2B00630FC9 /* WeatherUITests */,
			);
		};
/* End PBXProject section */

/* Begin PBXResourcesBuildPhase section */
		ABC06969285A7A2600630FC9 /* Resources */ = {
			isa = PBXResourcesBuildPhase;
			buildActionMask = 2147483647;
			files = (
				ABC06976285A7A2A00630FC9 /* Preview Assets.xcassets in Resources */,
				AB80F274285E6D340009FE5F /* weatherData.json in Resources */,
				ABC06973285A7A2A00630FC9 /* Assets.xcassets in Resources */,
			);
			runOnlyForDeploymentPostprocessing = 0;
		};
		ABC06979285A7A2A00630FC9 /* Resources */ = {
			isa = PBXResourcesBuildPhase;
			buildActionMask = 2147483647;
			files = (
			);
			runOnlyForDeploymentPostprocessing = 0;
		};
		ABC06983285A7A2B00630FC9 /* Resources */ = {
			isa = PBXResourcesBuildPhase;
			buildActionMask = 2147483647;
			files = (
			);
			runOnlyForDeploymentPostprocessing = 0;
		};
/* End PBXResourcesBuildPhase section */

/* Begin PBXSourcesBuildPhase section */
		ABC06967285A7A2600630FC9 /* Sources */ = {
			isa = PBXSourcesBuildPhase;
			buildActionMask = 2147483647;
			files = (
				AB80F26E285E65D00009FE5F /* WeatherManager.swift in Sources */,
				AB80F276285E6E920009FE5F /* Extensions.swift in Sources */,
				ABC06971285A7A2600630FC9 /* ContentView.swift in Sources */,
				ABC0696F285A7A2600630FC9 /* WeatherApp.swift in Sources */,
				ABC0699B285A7B3000630FC9 /* LocationManager.swift in Sources */,
				ABC0699F285A7B9700630FC9 /* LoadingView.swift in Sources */,
				AB80F272285E6CEA0009FE5F /* ModelData.swift in Sources */,
				AB80F270285E6C3E0009FE5F /* WeatherView.swift in Sources */,
				ABC0699D285A7B7C00630FC9 /* WelcomeView.swift in Sources */,
			);
			runOnlyForDeploymentPostprocessing = 0;
		};
		ABC06977285A7A2A00630FC9 /* Sources */ = {
			isa = PBXSourcesBuildPhase;
			buildActionMask = 2147483647;
			files = (
				ABC06980285A7A2A00630FC9 /* WeatherTests.swift in Sources */,
			);
			runOnlyForDeploymentPostprocessing = 0;
		};
		ABC06981285A7A2B00630FC9 /* Sources */ = {
			isa = PBXSourcesBuildPhase;
			buildActionMask = 2147483647;
			files = (
				ABC0698A285A7A2B00630FC9 /* WeatherUITests.swift in Sources */,
				ABC0698C285A7A2B00630FC9 /* WeatherUITestsLaunchTests.swift in Sources */,
			);
			runOnlyForDeploymentPostprocessing = 0;
		};
/* End PBXSourcesBuildPhase section */

/* Begin PBXTargetDependency section */
		ABC0697D285A7A2A00630FC9 /* PBXTargetDependency */ = {
			isa = PBXTargetDependency;
			target = ABC0696A285A7A2600630FC9 /* Weather */;
			targetProxy = ABC0697C285A7A2A00630FC9 /* PBXContainerItemProxy */;
		};
		ABC06987285A7A2B00630FC9 /* PBXTargetDependency */ = {
			isa = PBXTargetDependency;
			target = ABC0696A285A7A2600630FC9 /* Weather */;
			targetProxy = ABC06986285A7A2B00630FC9 /* PBXContainerItemProxy */;
		};
/* End PBXTargetDependency section */

/* Begin XCBuildConfiguration section */
		ABC0698D285A7A2B00630FC9 /* Debug */ = {
			isa = XCBuildConfiguration;
			buildSettings = {
				ALWAYS_SEARCH_USER_PATHS = NO;
				CLANG_ANALYZER_NONNULL = YES;
				CLANG_ANALYZER_NUMBER_OBJECT_CONVERSION = YES_AGGRESSIVE;
				CLANG_CXX_LANGUAGE_STANDARD = "gnu++17";
				CLANG_ENABLE_MODULES = YES;
				CLANG_ENABLE_OBJC_ARC = YES;
				CLANG_ENABLE_OBJC_WEAK = YES;
				CLANG_WARN_BLOCK_CAPTURE_AUTORELEASING = YES;
				CLANG_WARN_BOOL_CONVERSION = YES;
				CLANG_WARN_COMMA = YES;
				CLANG_WARN_CONSTANT_CONVERSION = YES;
				CLANG_WARN_DEPRECATED_OBJC_IMPLEMENTATIONS = YES;
				CLANG_WARN_DIRECT_OBJC_ISA_USAGE = YES_ERROR;
				CLANG_WARN_DOCUMENTATION_COMMENTS = YES;
				CLANG_WARN_EMPTY_BODY = YES;
				CLANG_WARN_ENUM_CONVERSION = YES;
				CLANG_WARN_INFINITE_RECURSION = YES;
				CLANG_WARN_INT_CONVERSION = YES;
				CLANG_WARN_NON_LITERAL_NULL_CONVERSION = YES;
				CLANG_WARN_OBJC_IMPLICIT_RETAIN_SELF = YES;
				CLANG_WARN_OBJC_LITERAL_CONVERSION = YES;
				CLANG_WARN_OBJC_ROOT_CLASS = YES_ERROR;
				CLANG_WARN_QUOTED_INCLUDE_IN_FRAMEWORK_HEADER = YES;
				CLANG_WARN_RANGE_LOOP_ANALYSIS = YES;
				CLANG_WARN_STRICT_PROTOTYPES = YES;
				CLANG_WARN_SUSPICIOUS_MOVE = YES;
				CLANG_WARN_UNGUARDED_AVAILABILITY = YES_AGGRESSIVE;
				CLANG_WARN_UNREACHABLE_CODE = YES;
				CLANG_WARN__DUPLICATE_METHOD_MATCH = YES;
				COPY_PHASE_STRIP = NO;
				DEBUG_INFORMATION_FORMAT = dwarf;
				ENABLE_STRICT_OBJC_MSGSEND = YES;
				ENABLE_TESTABILITY = YES;
				GCC_C_LANGUAGE_STANDARD = gnu11;
				GCC_DYNAMIC_NO_PIC = NO;
				GCC_NO_COMMON_BLOCKS = YES;
				GCC_OPTIMIZATION_LEVEL = 0;
				GCC_PREPROCESSOR_DEFINITIONS = (
					"DEBUG=1",
					"$(inherited)",
				);
				GCC_WARN_64_TO_32_BIT_CONVERSION = YES;
				GCC_WARN_ABOUT_RETURN_TYPE = YES_ERROR;
				GCC_WARN_UNDECLARED_SELECTOR = YES;
				GCC_WARN_UNINITIALIZED_AUTOS = YES_AGGRESSIVE;
				GCC_WARN_UNUSED_FUNCTION = YES;
				GCC_WARN_UNUSED_VARIABLE = YES;
				IPHONEOS_DEPLOYMENT_TARGET = 16.0;
				MTL_ENABLE_DEBUG_INFO = INCLUDE_SOURCE;
				MTL_FAST_MATH = YES;
				ONLY_ACTIVE_ARCH = YES;
				SDKROOT = iphoneos;
				SWIFT_ACTIVE_COMPILATION_CONDITIONS = DEBUG;
				SWIFT_OPTIMIZATION_LEVEL = "-Onone";
			};
			name = Debug;
		};
		ABC0698E285A7A2B00630FC9 /* Release */ = {
			isa = XCBuildConfiguration;
			buildSettings = {
				ALWAYS_SEARCH_USER_PATHS = NO;
				CLANG_ANALYZER_NONNULL = YES;
				CLANG_ANALYZER_NUMBER_OBJECT_CONVERSION = YES_AGGRESSIVE;
				CLANG_CXX_LANGUAGE_STANDARD = "gnu++17";
				CLANG_ENABLE_MODULES = YES;
				CLANG_ENABLE_OBJC_ARC = YES;
				CLANG_ENABLE_OBJC_WEAK = YES;
				CLANG_WARN_BLOCK_CAPTURE_AUTORELEASING = YES;
				CLANG_WARN_BOOL_CONVERSION = YES;
				CLANG_WARN_COMMA = YES;
				CLANG_WARN_CONSTANT_CONVERSION = YES;
				CLANG_WARN_DEPRECATED_OBJC_IMPLEMENTATIONS = YES;
				CLANG_WARN_DIRECT_OBJC_ISA_USAGE = YES_ERROR;
				CLANG_WARN_DOCUMENTATION_COMMENTS = YES;
				CLANG_WARN_EMPTY_BODY = YES;
				CLANG_WARN_ENUM_CONVERSION = YES;
				CLANG_WARN_INFINITE_RECURSION = YES;
				CLANG_WARN_INT_CONVERSION = YES;
				CLANG_WARN_NON_LITERAL_NULL_CONVERSION = YES;
				CLANG_WARN_OBJC_IMPLICIT_RETAIN_SELF = YES;
				CLANG_WARN_OBJC_LITERAL_CONVERSION = YES;
				CLANG_WARN_OBJC_ROOT_CLASS = YES_ERROR;
				CLANG_WARN_QUOTED_INCLUDE_IN_FRAMEWORK_HEADER = YES;
				CLANG_WARN_RANGE_LOOP_ANALYSIS = YES;
				CLANG_WARN_STRICT_PROTOTYPES = YES;
				CLANG_WARN_SUSPICIOUS_MOVE = YES;
				CLANG_WARN_UNGUARDED_AVAILABILITY = YES_AGGRESSIVE;
				CLANG_WARN_UNREACHABLE_CODE = YES;
				CLANG_WARN__DUPLICATE_METHOD_MATCH = YES;
				COPY_PHASE_STRIP = NO;
				DEBUG_INFORMATION_FORMAT = "dwarf-with-dsym";
				ENABLE_NS_ASSERTIONS = NO;
				ENABLE_STRICT_OBJC_MSGSEND = YES;
				GCC_C_LANGUAGE_STANDARD = gnu11;
				GCC_NO_COMMON_BLOCKS = YES;
				GCC_WARN_64_TO_32_BIT_CONVERSION = YES;
				GCC_WARN_ABOUT_RETURN_TYPE = YES_ERROR;
				GCC_WARN_UNDECLARED_SELECTOR = YES;
				GCC_WARN_UNINITIALIZED_AUTOS = YES_AGGRESSIVE;
				GCC_WARN_UNUSED_FUNCTION = YES;
				GCC_WARN_UNUSED_VARIABLE = YES;
				IPHONEOS_DEPLOYMENT_TARGET = 16.0;
				MTL_ENABLE_DEBUG_INFO = NO;
				MTL_FAST_MATH = YES;
				SDKROOT = iphoneos;
				SWIFT_COMPILATION_MODE = wholemodule;
				SWIFT_OPTIMIZATION_LEVEL = "-O";
				VALIDATE_PRODUCT = YES;
			};
			name = Release;
		};
		ABC06990285A7A2B00630FC9 /* Debug */ = {
			isa = XCBuildConfiguration;
			buildSettings = {
				ASSETCATALOG_COMPILER_APPICON_NAME = AppIcon;
				ASSETCATALOG_COMPILER_GLOBAL_ACCENT_COLOR_NAME = AccentColor;
				CODE_SIGN_STYLE = Automatic;
				CURRENT_PROJECT_VERSION = 1;
				DEVELOPMENT_ASSET_PATHS = "\"Weather/Preview Content\"";
				DEVELOPMENT_TEAM = H73X4N48RJ;
				ENABLE_PREVIEWS = YES;
				GENERATE_INFOPLIST_FILE = YES;
				INFOPLIST_KEY_UIApplicationSceneManifest_Generation = YES;
				INFOPLIST_KEY_UIApplicationSupportsIndirectInputEvents = YES;
				INFOPLIST_KEY_UILaunchScreen_Generation = YES;
				INFOPLIST_KEY_UISupportedInterfaceOrientations_iPad = "UIInterfaceOrientationPortrait UIInterfaceOrientationPortraitUpsideDown UIInterfaceOrientationLandscapeLeft UIInterfaceOrientationLandscapeRight";
				INFOPLIST_KEY_UISupportedInterfaceOrientations_iPhone = "UIInterfaceOrientationPortrait UIInterfaceOrientationLandscapeLeft UIInterfaceOrientationLandscapeRight";
				IPHONEOS_DEPLOYMENT_TARGET = 15.0;
				LD_RUNPATH_SEARCH_PATHS = (
					"$(inherited)",
					"@executable_path/Frameworks",
				);
				MARKETING_VERSION = 1.0;
				PRODUCT_BUNDLE_IDENTIFIER = tejas.Weather;
				PRODUCT_NAME = "$(TARGET_NAME)";
				SWIFT_EMIT_LOC_STRINGS = YES;
				SWIFT_VERSION = 5.0;
				TARGETED_DEVICE_FAMILY = "1,2";
			};
			name = Debug;
		};
		ABC06991285A7A2B00630FC9 /* Release */ = {
			isa = XCBuildConfiguration;
			buildSettings = {
				ASSETCATALOG_COMPILER_APPICON_NAME = AppIcon;
				ASSETCATALOG_COMPILER_GLOBAL_ACCENT_COLOR_NAME = AccentColor;
				CODE_SIGN_STYLE = Automatic;
				CURRENT_PROJECT_VERSION = 1;
				DEVELOPMENT_ASSET_PATHS = "\"Weather/Preview Content\"";
				DEVELOPMENT_TEAM = H73X4N48RJ;
				ENABLE_PREVIEWS = YES;
				GENERATE_INFOPLIST_FILE = YES;
				INFOPLIST_KEY_UIApplicationSceneManifest_Generation = YES;
				INFOPLIST_KEY_UIApplicationSupportsIndirectInputEvents = YES;
				INFOPLIST_KEY_UILaunchScreen_Generation = YES;
				INFOPLIST_KEY_UISupportedInterfaceOrientations_iPad = "UIInterfaceOrientationPortrait UIInterfaceOrientationPortraitUpsideDown UIInterfaceOrientationLandscapeLeft UIInterfaceOrientationLandscapeRight";
				INFOPLIST_KEY_UISupportedInterfaceOrientations_iPhone = "UIInterfaceOrientationPortrait UIInterfaceOrientationLandscapeLeft UIInterfaceOrientationLandscapeRight";
				IPHONEOS_DEPLOYMENT_TARGET = 15.0;
				LD_RUNPATH_SEARCH_PATHS = (
					"$(inherited)",
					"@executable_path/Frameworks",
				);
				MARKETING_VERSION = 1.0;
				PRODUCT_BUNDLE_IDENTIFIER = tejas.Weather;
				PRODUCT_NAME = "$(TARGET_NAME)";
				SWIFT_EMIT_LOC_STRINGS = YES;
				SWIFT_VERSION = 5.0;
				TARGETED_DEVICE_FAMILY = "1,2";
			};
			name = Release;
		};
		ABC06993285A7A2B00630FC9 /* Debug */ = {
			isa = XCBuildConfiguration;
			buildSettings = {
				ALWAYS_EMBED_SWIFT_STANDARD_LIBRARIES = YES;
				BUNDLE_LOADER = "$(TEST_HOST)";
				CODE_SIGN_STYLE = Automatic;
				CURRENT_PROJECT_VERSION = 1;
				DEVELOPMENT_TEAM = H73X4N48RJ;
				GENERATE_INFOPLIST_FILE = YES;
				IPHONEOS_DEPLOYMENT_TARGET = 16.0;
				MARKETING_VERSION = 1.0;
				PRODUCT_BUNDLE_IDENTIFIER = tejas.WeatherTests;
				PRODUCT_NAME = "$(TARGET_NAME)";
				SWIFT_EMIT_LOC_STRINGS = NO;
				SWIFT_VERSION = 5.0;
				TARGETED_DEVICE_FAMILY = "1,2";
				TEST_HOST = "$(BUILT_PRODUCTS_DIR)/Weather.app/$(BUNDLE_EXECUTABLE_FOLDER_PATH)/Weather";
			};
			name = Debug;
		};
		ABC06994285A7A2B00630FC9 /* Release */ = {
			isa = XCBuildConfiguration;
			buildSettings = {
				ALWAYS_EMBED_SWIFT_STANDARD_LIBRARIES = YES;
				BUNDLE_LOADER = "$(TEST_HOST)";
				CODE_SIGN_STYLE = Automatic;
				CURRENT_PROJECT_VERSION = 1;
				DEVELOPMENT_TEAM = H73X4N48RJ;
				GENERATE_INFOPLIST_FILE = YES;
				IPHONEOS_DEPLOYMENT_TARGET = 16.0;
				MARKETING_VERSION = 1.0;
				PRODUCT_BUNDLE_IDENTIFIER = tejas.WeatherTests;
				PRODUCT_NAME = "$(TARGET_NAME)";
				SWIFT_EMIT_LOC_STRINGS = NO;
				SWIFT_VERSION = 5.0;
				TARGETED_DEVICE_FAMILY = "1,2";
				TEST_HOST = "$(BUILT_PRODUCTS_DIR)/Weather.app/$(BUNDLE_EXECUTABLE_FOLDER_PATH)/Weather";
			};
			name = Release;
		};
		ABC06996285A7A2B00630FC9 /* Debug */ = {
			isa = XCBuildConfiguration;
			buildSettings = {
				ALWAYS_EMBED_SWIFT_STANDARD_LIBRARIES = YES;
				CODE_SIGN_STYLE = Automatic;
				CURRENT_PROJECT_VERSION = 1;
				DEVELOPMENT_TEAM = H73X4N48RJ;
				GENERATE_INFOPLIST_FILE = YES;
				MARKETING_VERSION = 1.0;
				PRODUCT_BUNDLE_IDENTIFIER = tejas.WeatherUITests;
				PRODUCT_NAME = "$(TARGET_NAME)";
				SWIFT_EMIT_LOC_STRINGS = NO;
				SWIFT_VERSION = 5.0;
				TARGETED_DEVICE_FAMILY = "1,2";
				TEST_TARGET_NAME = Weather;
			};
			name = Debug;
		};
		ABC06997285A7A2B00630FC9 /* Release */ = {
			isa = XCBuildConfiguration;
			buildSettings = {
				ALWAYS_EMBED_SWIFT_STANDARD_LIBRARIES = YES;
				CODE_SIGN_STYLE = Automatic;
				CURRENT_PROJECT_VERSION = 1;
				DEVELOPMENT_TEAM = H73X4N48RJ;
				GENERATE_INFOPLIST_FILE = YES;
				MARKETING_VERSION = 1.0;
				PRODUCT_BUNDLE_IDENTIFIER = tejas.WeatherUITests;
				PRODUCT_NAME = "$(TARGET_NAME)";
				SWIFT_EMIT_LOC_STRINGS = NO;
				SWIFT_VERSION = 5.0;
				TARGETED_DEVICE_FAMILY = "1,2";
				TEST_TARGET_NAME = Weather;
			};
			name = Release;
		};
/* End XCBuildConfiguration section */

/* Begin XCConfigurationList section */
		ABC06966285A7A2600630FC9 /* Build configuration list for PBXProject "Weather" */ = {
			isa = XCConfigurationList;
			buildConfigurations = (
				ABC0698D285A7A2B00630FC9 /* Debug */,
				ABC0698E285A7A2B00630FC9 /* Release */,
			);
			defaultConfigurationIsVisible = 0;
			defaultConfigurationName = Release;
		};
		ABC0698F285A7A2B00630FC9 /* Build configuration list for PBXNativeTarget "Weather" */ = {
			isa = XCConfigurationList;
			buildConfigurations = (
				ABC06990285A7A2B00630FC9 /* Debug */,
				ABC06991285A7A2B00630FC9 /* Release */,
			);
			defaultConfigurationIsVisible = 0;
			defaultConfigurationName = Release;
		};
		ABC06992285A7A2B00630FC9 /* Build configuration list for PBXNativeTarget "WeatherTests" */ = {
			isa = XCConfigurationList;
			buildConfigurations = (
				ABC06993285A7A2B00630FC9 /* Debug */,
				ABC06994285A7A2B00630FC9 /* Release */,
			);
			defaultConfigurationIsVisible = 0;
			defaultConfigurationName = Release;
		};
		ABC06995285A7A2B00630FC9 /* Build configuration list for PBXNativeTarget "WeatherUITests" */ = {
			isa = XCConfigurationList;
			buildConfigurations = (
				ABC06996285A7A2B00630FC9 /* Debug */,
				ABC06997285A7A2B00630FC9 /* Release */,
			);
			defaultConfigurationIsVisible = 0;
			defaultConfigurationName = Release;
		};
/* End XCConfigurationList section */
	};
	rootObject = ABC06963285A7A2600630FC9 /* Project object */;
}
